// !$*UTF8*$!
{
	archiveVersion = 1;
	classes = {
	};
	objectVersion = 50;
	objects = {

/* Begin PBXBuildFile section */
		6878882D24E228780075B93A /* MCMainTabView.swift in Sources */ = {isa = PBXBuildFile; fileRef = 6878882C24E228780075B93A /* MCMainTabView.swift */; };
		6878883D24E273640075B93A /* DataManager.swift in Sources */ = {isa = PBXBuildFile; fileRef = 6878883C24E273640075B93A /* DataManager.swift */; };
		6878884224E27E4D0075B93A /* ChallengeDataSource.swift in Sources */ = {isa = PBXBuildFile; fileRef = 6878884124E27E4D0075B93A /* ChallengeDataSource.swift */; };
		6878884824E2A2330075B93A /* Challenge+CoreDataClass.swift in Sources */ = {isa = PBXBuildFile; fileRef = 6878884624E2A2330075B93A /* Challenge+CoreDataClass.swift */; };
		6878884924E2A2330075B93A /* Challenge+CoreDataProperties.swift in Sources */ = {isa = PBXBuildFile; fileRef = 6878884724E2A2330075B93A /* Challenge+CoreDataProperties.swift */; };
		A819665024F1735A00336F29 /* Achievement+CoreDataClass.swift in Sources */ = {isa = PBXBuildFile; fileRef = A819664E24F1735A00336F29 /* Achievement+CoreDataClass.swift */; };
		A819665124F1735A00336F29 /* Achievement+CoreDataProperties.swift in Sources */ = {isa = PBXBuildFile; fileRef = A819664F24F1735A00336F29 /* Achievement+CoreDataProperties.swift */; };
		A82CDAD824DF894D000C3312 /* Preset.plist in Resources */ = {isa = PBXBuildFile; fileRef = A82CDAD724DF894D000C3312 /* Preset.plist */; };
		A842728B24DEFC9E00EAD1A7 /* Challenges.xcdatamodeld in Sources */ = {isa = PBXBuildFile; fileRef = A842728924DEFC9E00EAD1A7 /* Challenges.xcdatamodeld */; };
		A842729A24DF0B5700EAD1A7 /* MCChallengeListRow.swift in Sources */ = {isa = PBXBuildFile; fileRef = A842729924DF0B5700EAD1A7 /* MCChallengeListRow.swift */; };
		A842729D24DF0E3A00EAD1A7 /* Extension.swift in Sources */ = {isa = PBXBuildFile; fileRef = A842729C24DF0E3A00EAD1A7 /* Extension.swift */; };
		A8745B5B24ECB89D00065587 /* ImagePicker.swift in Sources */ = {isa = PBXBuildFile; fileRef = A8745B5A24ECB89D00065587 /* ImagePicker.swift */; };
		A89521E424F17FC800E1003A /* MCOmakeListView.swift in Sources */ = {isa = PBXBuildFile; fileRef = A89521E324F17FC800E1003A /* MCOmakeListView.swift */; };
		A89521E624F1800600E1003A /* AchievementDataSource.swift in Sources */ = {isa = PBXBuildFile; fileRef = A89521E524F1800600E1003A /* AchievementDataSource.swift */; };
		A89521E824F183C400E1003A /* MCOmakeDetailView.swift in Sources */ = {isa = PBXBuildFile; fileRef = A89521E724F183C400E1003A /* MCOmakeDetailView.swift */; };
		A8DDCB0324DDAC2900610578 /* AppDelegate.swift in Sources */ = {isa = PBXBuildFile; fileRef = A8DDCB0224DDAC2900610578 /* AppDelegate.swift */; };
		A8DDCB0524DDAC2900610578 /* SceneDelegate.swift in Sources */ = {isa = PBXBuildFile; fileRef = A8DDCB0424DDAC2900610578 /* SceneDelegate.swift */; };
		A8DDCB0924DDAC2F00610578 /* Assets.xcassets in Resources */ = {isa = PBXBuildFile; fileRef = A8DDCB0824DDAC2F00610578 /* Assets.xcassets */; };
		A8DDCB0C24DDAC2F00610578 /* Preview Assets.xcassets in Resources */ = {isa = PBXBuildFile; fileRef = A8DDCB0B24DDAC2F00610578 /* Preview Assets.xcassets */; };
		A8DDCB0F24DDAC2F00610578 /* LaunchScreen.storyboard in Resources */ = {isa = PBXBuildFile; fileRef = A8DDCB0D24DDAC2F00610578 /* LaunchScreen.storyboard */; };
		A8DDCB1724DDB4B200610578 /* MCCalendarView.swift in Sources */ = {isa = PBXBuildFile; fileRef = A8DDCB1624DDB4B200610578 /* MCCalendarView.swift */; };
		A8FC7AFB24DE64EF007FC7B2 /* MCAddChallengeView.swift in Sources */ = {isa = PBXBuildFile; fileRef = A8FC7AFA24DE64EF007FC7B2 /* MCAddChallengeView.swift */; };
		A8FC7AFD24DE6CF2007FC7B2 /* MCChallengeListView.swift in Sources */ = {isa = PBXBuildFile; fileRef = A8FC7AFC24DE6CF2007FC7B2 /* MCChallengeListView.swift */; };
		A8FC7B0624DE7887007FC7B2 /* MCChallengeDetailView.swift in Sources */ = {isa = PBXBuildFile; fileRef = A8FC7B0524DE7887007FC7B2 /* MCChallengeDetailView.swift */; };
/* End PBXBuildFile section */

/* Begin PBXFileReference section */
		6878882C24E228780075B93A /* MCMainTabView.swift */ = {isa = PBXFileReference; lastKnownFileType = sourcecode.swift; path = MCMainTabView.swift; sourceTree = "<group>"; };
		6878883C24E273640075B93A /* DataManager.swift */ = {isa = PBXFileReference; lastKnownFileType = sourcecode.swift; path = DataManager.swift; sourceTree = "<group>"; };
		6878884124E27E4D0075B93A /* ChallengeDataSource.swift */ = {isa = PBXFileReference; lastKnownFileType = sourcecode.swift; path = ChallengeDataSource.swift; sourceTree = "<group>"; };
		6878884624E2A2330075B93A /* Challenge+CoreDataClass.swift */ = {isa = PBXFileReference; lastKnownFileType = sourcecode.swift; path = "Challenge+CoreDataClass.swift"; sourceTree = "<group>"; };
		6878884724E2A2330075B93A /* Challenge+CoreDataProperties.swift */ = {isa = PBXFileReference; lastKnownFileType = sourcecode.swift; path = "Challenge+CoreDataProperties.swift"; sourceTree = "<group>"; };
		A819664E24F1735A00336F29 /* Achievement+CoreDataClass.swift */ = {isa = PBXFileReference; lastKnownFileType = sourcecode.swift; path = "Achievement+CoreDataClass.swift"; sourceTree = "<group>"; };
		A819664F24F1735A00336F29 /* Achievement+CoreDataProperties.swift */ = {isa = PBXFileReference; lastKnownFileType = sourcecode.swift; path = "Achievement+CoreDataProperties.swift"; sourceTree = "<group>"; };
		A82CDAD724DF894D000C3312 /* Preset.plist */ = {isa = PBXFileReference; lastKnownFileType = text.plist.xml; path = Preset.plist; sourceTree = "<group>"; };
		A842728A24DEFC9E00EAD1A7 /* Challenge.xcdatamodel */ = {isa = PBXFileReference; lastKnownFileType = wrapper.xcdatamodel; path = Challenge.xcdatamodel; sourceTree = "<group>"; };
		A842729924DF0B5700EAD1A7 /* MCChallengeListRow.swift */ = {isa = PBXFileReference; lastKnownFileType = sourcecode.swift; path = MCChallengeListRow.swift; sourceTree = "<group>"; };
		A842729C24DF0E3A00EAD1A7 /* Extension.swift */ = {isa = PBXFileReference; lastKnownFileType = sourcecode.swift; path = Extension.swift; sourceTree = "<group>"; };
		A8745B5A24ECB89D00065587 /* ImagePicker.swift */ = {isa = PBXFileReference; lastKnownFileType = sourcecode.swift; path = ImagePicker.swift; sourceTree = "<group>"; };
		A89521E324F17FC800E1003A /* MCOmakeListView.swift */ = {isa = PBXFileReference; lastKnownFileType = sourcecode.swift; path = MCOmakeListView.swift; sourceTree = "<group>"; };
		A89521E524F1800600E1003A /* AchievementDataSource.swift */ = {isa = PBXFileReference; lastKnownFileType = sourcecode.swift; path = AchievementDataSource.swift; sourceTree = "<group>"; };
		A89521E724F183C400E1003A /* MCOmakeDetailView.swift */ = {isa = PBXFileReference; lastKnownFileType = sourcecode.swift; path = MCOmakeDetailView.swift; sourceTree = "<group>"; };
		A8DDCAFF24DDAC2900610578 /* MonthlyCollage.app */ = {isa = PBXFileReference; explicitFileType = wrapper.application; includeInIndex = 0; path = MonthlyCollage.app; sourceTree = BUILT_PRODUCTS_DIR; };
		A8DDCB0224DDAC2900610578 /* AppDelegate.swift */ = {isa = PBXFileReference; lastKnownFileType = sourcecode.swift; path = AppDelegate.swift; sourceTree = "<group>"; };
		A8DDCB0424DDAC2900610578 /* SceneDelegate.swift */ = {isa = PBXFileReference; lastKnownFileType = sourcecode.swift; path = SceneDelegate.swift; sourceTree = "<group>"; };
		A8DDCB0824DDAC2F00610578 /* Assets.xcassets */ = {isa = PBXFileReference; lastKnownFileType = folder.assetcatalog; path = Assets.xcassets; sourceTree = "<group>"; };
		A8DDCB0B24DDAC2F00610578 /* Preview Assets.xcassets */ = {isa = PBXFileReference; lastKnownFileType = folder.assetcatalog; path = "Preview Assets.xcassets"; sourceTree = "<group>"; };
		A8DDCB0E24DDAC2F00610578 /* Base */ = {isa = PBXFileReference; lastKnownFileType = file.storyboard; name = Base; path = Base.lproj/LaunchScreen.storyboard; sourceTree = "<group>"; };
		A8DDCB1024DDAC2F00610578 /* Info.plist */ = {isa = PBXFileReference; lastKnownFileType = text.plist.xml; path = Info.plist; sourceTree = "<group>"; };
		A8DDCB1624DDB4B200610578 /* MCCalendarView.swift */ = {isa = PBXFileReference; lastKnownFileType = sourcecode.swift; path = MCCalendarView.swift; sourceTree = "<group>"; };
		A8FC7AFA24DE64EF007FC7B2 /* MCAddChallengeView.swift */ = {isa = PBXFileReference; lastKnownFileType = sourcecode.swift; path = MCAddChallengeView.swift; sourceTree = "<group>"; };
		A8FC7AFC24DE6CF2007FC7B2 /* MCChallengeListView.swift */ = {isa = PBXFileReference; lastKnownFileType = sourcecode.swift; path = MCChallengeListView.swift; sourceTree = "<group>"; };
		A8FC7B0524DE7887007FC7B2 /* MCChallengeDetailView.swift */ = {isa = PBXFileReference; lastKnownFileType = sourcecode.swift; path = MCChallengeDetailView.swift; sourceTree = "<group>"; };
/* End PBXFileReference section */

/* Begin PBXFrameworksBuildPhase section */
		A8DDCAFC24DDAC2900610578 /* Frameworks */ = {
			isa = PBXFrameworksBuildPhase;
			buildActionMask = 2147483647;
			files = (
			);
			runOnlyForDeploymentPostprocessing = 0;
		};
/* End PBXFrameworksBuildPhase section */

/* Begin PBXGroup section */
		6878883E24E273700075B93A /* Data */ = {
			isa = PBXGroup;
			children = (
				A819664E24F1735A00336F29 /* Achievement+CoreDataClass.swift */,
				A819664F24F1735A00336F29 /* Achievement+CoreDataProperties.swift */,
				A89521E524F1800600E1003A /* AchievementDataSource.swift */,
				6878884624E2A2330075B93A /* Challenge+CoreDataClass.swift */,
				6878884724E2A2330075B93A /* Challenge+CoreDataProperties.swift */,
				6878884124E27E4D0075B93A /* ChallengeDataSource.swift */,
				A842728924DEFC9E00EAD1A7 /* Challenges.xcdatamodeld */,
				6878883C24E273640075B93A /* DataManager.swift */,
			);
			path = Data;
			sourceTree = "<group>";
		};
		A8DDCAF624DDAC2900610578 = {
			isa = PBXGroup;
			children = (
				A8DDCB0124DDAC2900610578 /* MonthlyCollage */,
				A8DDCB0024DDAC2900610578 /* Products */,
			);
			sourceTree = "<group>";
		};
		A8DDCB0024DDAC2900610578 /* Products */ = {
			isa = PBXGroup;
			children = (
				A8DDCAFF24DDAC2900610578 /* MonthlyCollage.app */,
			);
			name = Products;
			sourceTree = "<group>";
		};
		A8DDCB0124DDAC2900610578 /* MonthlyCollage */ = {
			isa = PBXGroup;
			children = (
				A8DDCB0224DDAC2900610578 /* AppDelegate.swift */,
				6878883E24E273700075B93A /* Data */,
				A842729C24DF0E3A00EAD1A7 /* Extension.swift */,
				A8DDCB1024DDAC2F00610578 /* Info.plist */,
				A82CDAD724DF894D000C3312 /* Preset.plist */,
				A8DDCB0A24DDAC2F00610578 /* Preview Content */,
				A8FC7AFF24DE6D06007FC7B2 /* Resources */,
				A8DDCB0424DDAC2900610578 /* SceneDelegate.swift */,
				A8FC7AFE24DE6CF8007FC7B2 /* Views */,
			);
			path = MonthlyCollage;
			sourceTree = "<group>";
		};
		A8DDCB0A24DDAC2F00610578 /* Preview Content */ = {
			isa = PBXGroup;
			children = (
				A8DDCB0B24DDAC2F00610578 /* Preview Assets.xcassets */,
			);
			path = "Preview Content";
			sourceTree = "<group>";
		};
		A8FC7AFE24DE6CF8007FC7B2 /* Views */ = {
			isa = PBXGroup;
			children = (
				A8745B5A24ECB89D00065587 /* ImagePicker.swift */,
				A8FC7AFA24DE64EF007FC7B2 /* MCAddChallengeView.swift */,
				A8DDCB1624DDB4B200610578 /* MCCalendarView.swift */,
				A8FC7B0524DE7887007FC7B2 /* MCChallengeDetailView.swift */,
				A842729924DF0B5700EAD1A7 /* MCChallengeListRow.swift */,
				A8FC7AFC24DE6CF2007FC7B2 /* MCChallengeListView.swift */,
				6878882C24E228780075B93A /* MCMainTabView.swift */,
				A89521E324F17FC800E1003A /* MCOmakeListView.swift */,
				A89521E724F183C400E1003A /* MCOmakeDetailView.swift */,
			);
			path = Views;
			sourceTree = "<group>";
		};
		A8FC7AFF24DE6D06007FC7B2 /* Resources */ = {
			isa = PBXGroup;
			children = (
				A8DDCB0824DDAC2F00610578 /* Assets.xcassets */,
				A8DDCB0D24DDAC2F00610578 /* LaunchScreen.storyboard */,
			);
			path = Resources;
			sourceTree = "<group>";
		};
/* End PBXGroup section */

/* Begin PBXNativeTarget section */
		A8DDCAFE24DDAC2900610578 /* MonthlyCollage */ = {
			isa = PBXNativeTarget;
			buildConfigurationList = A8DDCB1324DDAC2F00610578 /* Build configuration list for PBXNativeTarget "MonthlyCollage" */;
			buildPhases = (
				A8DDCAFB24DDAC2900610578 /* Sources */,
				A8DDCAFC24DDAC2900610578 /* Frameworks */,
				A8DDCAFD24DDAC2900610578 /* Resources */,
			);
			buildRules = (
			);
			dependencies = (
			);
			name = MonthlyCollage;
			productName = MonthlyCollage;
			productReference = A8DDCAFF24DDAC2900610578 /* MonthlyCollage.app */;
			productType = "com.apple.product-type.application";
		};
/* End PBXNativeTarget section */

/* Begin PBXProject section */
		A8DDCAF724DDAC2900610578 /* Project object */ = {
			isa = PBXProject;
			attributes = {
				LastSwiftUpdateCheck = 1160;
				LastUpgradeCheck = 1200;
				ORGANIZATIONNAME = TJ;
				TargetAttributes = {
					A8DDCAFE24DDAC2900610578 = {
						CreatedOnToolsVersion = 11.6;
					};
				};
			};
			buildConfigurationList = A8DDCAFA24DDAC2900610578 /* Build configuration list for PBXProject "MonthlyCollage" */;
			compatibilityVersion = "Xcode 9.3";
			developmentRegion = en;
			hasScannedForEncodings = 0;
			knownRegions = (
				en,
				Base,
			);
			mainGroup = A8DDCAF624DDAC2900610578;
			productRefGroup = A8DDCB0024DDAC2900610578 /* Products */;
			projectDirPath = "";
			projectRoot = "";
			targets = (
				A8DDCAFE24DDAC2900610578 /* MonthlyCollage */,
			);
		};
/* End PBXProject section */

/* Begin PBXResourcesBuildPhase section */
		A8DDCAFD24DDAC2900610578 /* Resources */ = {
			isa = PBXResourcesBuildPhase;
			buildActionMask = 2147483647;
			files = (
				A8DDCB0F24DDAC2F00610578 /* LaunchScreen.storyboard in Resources */,
				A82CDAD824DF894D000C3312 /* Preset.plist in Resources */,
				A8DDCB0C24DDAC2F00610578 /* Preview Assets.xcassets in Resources */,
				A8DDCB0924DDAC2F00610578 /* Assets.xcassets in Resources */,
			);
			runOnlyForDeploymentPostprocessing = 0;
		};
/* End PBXResourcesBuildPhase section */

/* Begin PBXSourcesBuildPhase section */
		A8DDCAFB24DDAC2900610578 /* Sources */ = {
			isa = PBXSourcesBuildPhase;
			buildActionMask = 2147483647;
			files = (
				A89521E424F17FC800E1003A /* MCOmakeListView.swift in Sources */,
				A842729D24DF0E3A00EAD1A7 /* Extension.swift in Sources */,
				6878884924E2A2330075B93A /* Challenge+CoreDataProperties.swift in Sources */,
				A8DDCB1724DDB4B200610578 /* MCCalendarView.swift in Sources */,
				A819665124F1735A00336F29 /* Achievement+CoreDataProperties.swift in Sources */,
				A89521E824F183C400E1003A /* MCOmakeDetailView.swift in Sources */,
				A8DDCB0324DDAC2900610578 /* AppDelegate.swift in Sources */,
				6878884224E27E4D0075B93A /* ChallengeDataSource.swift in Sources */,
				A842729A24DF0B5700EAD1A7 /* MCChallengeListRow.swift in Sources */,
				A8DDCB0524DDAC2900610578 /* SceneDelegate.swift in Sources */,
				A819665024F1735A00336F29 /* Achievement+CoreDataClass.swift in Sources */,
				6878884824E2A2330075B93A /* Challenge+CoreDataClass.swift in Sources */,
				A8FC7AFB24DE64EF007FC7B2 /* MCAddChallengeView.swift in Sources */,
				A8FC7AFD24DE6CF2007FC7B2 /* MCChallengeListView.swift in Sources */,
				A8FC7B0624DE7887007FC7B2 /* MCChallengeDetailView.swift in Sources */,
				6878883D24E273640075B93A /* DataManager.swift in Sources */,
				A8745B5B24ECB89D00065587 /* ImagePicker.swift in Sources */,
				A89521E624F1800600E1003A /* AchievementDataSource.swift in Sources */,
				A842728B24DEFC9E00EAD1A7 /* Challenges.xcdatamodeld in Sources */,
				6878882D24E228780075B93A /* MCMainTabView.swift in Sources */,
			);
			runOnlyForDeploymentPostprocessing = 0;
		};
/* End PBXSourcesBuildPhase section */

/* Begin PBXVariantGroup section */
		A8DDCB0D24DDAC2F00610578 /* LaunchScreen.storyboard */ = {
			isa = PBXVariantGroup;
			children = (
				A8DDCB0E24DDAC2F00610578 /* Base */,
			);
			name = LaunchScreen.storyboard;
			sourceTree = "<group>";
		};
/* End PBXVariantGroup section */

/* Begin XCBuildConfiguration section */
		A8DDCB1124DDAC2F00610578 /* Debug */ = {
			isa = XCBuildConfiguration;
			buildSettings = {
				ALWAYS_SEARCH_USER_PATHS = NO;
				CLANG_ANALYZER_NONNULL = YES;
				CLANG_ANALYZER_NUMBER_OBJECT_CONVERSION = YES_AGGRESSIVE;
				CLANG_CXX_LANGUAGE_STANDARD = "gnu++14";
				CLANG_CXX_LIBRARY = "libc++";
				CLANG_ENABLE_MODULES = YES;
				CLANG_ENABLE_OBJC_ARC = YES;
				CLANG_ENABLE_OBJC_WEAK = YES;
				CLANG_WARN_BLOCK_CAPTURE_AUTORELEASING = YES;
				CLANG_WARN_BOOL_CONVERSION = YES;
				CLANG_WARN_COMMA = YES;
				CLANG_WARN_CONSTANT_CONVERSION = YES;
				CLANG_WARN_DEPRECATED_OBJC_IMPLEMENTATIONS = YES;
				CLANG_WARN_DIRECT_OBJC_ISA_USAGE = YES_ERROR;
				CLANG_WARN_DOCUMENTATION_COMMENTS = YES;
				CLANG_WARN_EMPTY_BODY = YES;
				CLANG_WARN_ENUM_CONVERSION = YES;
				CLANG_WARN_INFINITE_RECURSION = YES;
				CLANG_WARN_INT_CONVERSION = YES;
				CLANG_WARN_NON_LITERAL_NULL_CONVERSION = YES;
				CLANG_WARN_OBJC_IMPLICIT_RETAIN_SELF = YES;
				CLANG_WARN_OBJC_LITERAL_CONVERSION = YES;
				CLANG_WARN_OBJC_ROOT_CLASS = YES_ERROR;
				CLANG_WARN_QUOTED_INCLUDE_IN_FRAMEWORK_HEADER = YES;
				CLANG_WARN_RANGE_LOOP_ANALYSIS = YES;
				CLANG_WARN_STRICT_PROTOTYPES = YES;
				CLANG_WARN_SUSPICIOUS_MOVE = YES;
				CLANG_WARN_UNGUARDED_AVAILABILITY = YES_AGGRESSIVE;
				CLANG_WARN_UNREACHABLE_CODE = YES;
				CLANG_WARN__DUPLICATE_METHOD_MATCH = YES;
				COPY_PHASE_STRIP = NO;
				DEBUG_INFORMATION_FORMAT = dwarf;
				ENABLE_STRICT_OBJC_MSGSEND = YES;
				ENABLE_TESTABILITY = YES;
				GCC_C_LANGUAGE_STANDARD = gnu11;
				GCC_DYNAMIC_NO_PIC = NO;
				GCC_NO_COMMON_BLOCKS = YES;
				GCC_OPTIMIZATION_LEVEL = 0;
				GCC_PREPROCESSOR_DEFINITIONS = (
					"DEBUG=1",
					"$(inherited)",
				);
				GCC_WARN_64_TO_32_BIT_CONVERSION = YES;
				GCC_WARN_ABOUT_RETURN_TYPE = YES_ERROR;
				GCC_WARN_UNDECLARED_SELECTOR = YES;
				GCC_WARN_UNINITIALIZED_AUTOS = YES_AGGRESSIVE;
				GCC_WARN_UNUSED_FUNCTION = YES;
				GCC_WARN_UNUSED_VARIABLE = YES;
				IPHONEOS_DEPLOYMENT_TARGET = 14.0;
				MTL_ENABLE_DEBUG_INFO = INCLUDE_SOURCE;
				MTL_FAST_MATH = YES;
				ONLY_ACTIVE_ARCH = YES;
				SDKROOT = iphoneos;
				SWIFT_ACTIVE_COMPILATION_CONDITIONS = DEBUG;
				SWIFT_OPTIMIZATION_LEVEL = "-Onone";
			};
			name = Debug;
		};
		A8DDCB1224DDAC2F00610578 /* Release */ = {
			isa = XCBuildConfiguration;
			buildSettings = {
				ALWAYS_SEARCH_USER_PATHS = NO;
				CLANG_ANALYZER_NONNULL = YES;
				CLANG_ANALYZER_NUMBER_OBJECT_CONVERSION = YES_AGGRESSIVE;
				CLANG_CXX_LANGUAGE_STANDARD = "gnu++14";
				CLANG_CXX_LIBRARY = "libc++";
				CLANG_ENABLE_MODULES = YES;
				CLANG_ENABLE_OBJC_ARC = YES;
				CLANG_ENABLE_OBJC_WEAK = YES;
				CLANG_WARN_BLOCK_CAPTURE_AUTORELEASING = YES;
				CLANG_WARN_BOOL_CONVERSION = YES;
				CLANG_WARN_COMMA = YES;
				CLANG_WARN_CONSTANT_CONVERSION = YES;
				CLANG_WARN_DEPRECATED_OBJC_IMPLEMENTATIONS = YES;
				CLANG_WARN_DIRECT_OBJC_ISA_USAGE = YES_ERROR;
				CLANG_WARN_DOCUMENTATION_COMMENTS = YES;
				CLANG_WARN_EMPTY_BODY = YES;
				CLANG_WARN_ENUM_CONVERSION = YES;
				CLANG_WARN_INFINITE_RECURSION = YES;
				CLANG_WARN_INT_CONVERSION = YES;
				CLANG_WARN_NON_LITERAL_NULL_CONVERSION = YES;
				CLANG_WARN_OBJC_IMPLICIT_RETAIN_SELF = YES;
				CLANG_WARN_OBJC_LITERAL_CONVERSION = YES;
				CLANG_WARN_OBJC_ROOT_CLASS = YES_ERROR;
				CLANG_WARN_QUOTED_INCLUDE_IN_FRAMEWORK_HEADER = YES;
				CLANG_WARN_RANGE_LOOP_ANALYSIS = YES;
				CLANG_WARN_STRICT_PROTOTYPES = YES;
				CLANG_WARN_SUSPICIOUS_MOVE = YES;
				CLANG_WARN_UNGUARDED_AVAILABILITY = YES_AGGRESSIVE;
				CLANG_WARN_UNREACHABLE_CODE = YES;
				CLANG_WARN__DUPLICATE_METHOD_MATCH = YES;
				COPY_PHASE_STRIP = NO;
				DEBUG_INFORMATION_FORMAT = "dwarf-with-dsym";
				ENABLE_NS_ASSERTIONS = NO;
				ENABLE_STRICT_OBJC_MSGSEND = YES;
				GCC_C_LANGUAGE_STANDARD = gnu11;
				GCC_NO_COMMON_BLOCKS = YES;
				GCC_WARN_64_TO_32_BIT_CONVERSION = YES;
				GCC_WARN_ABOUT_RETURN_TYPE = YES_ERROR;
				GCC_WARN_UNDECLARED_SELECTOR = YES;
				GCC_WARN_UNINITIALIZED_AUTOS = YES_AGGRESSIVE;
				GCC_WARN_UNUSED_FUNCTION = YES;
				GCC_WARN_UNUSED_VARIABLE = YES;
				IPHONEOS_DEPLOYMENT_TARGET = 14.0;
				MTL_ENABLE_DEBUG_INFO = NO;
				MTL_FAST_MATH = YES;
				SDKROOT = iphoneos;
				SWIFT_COMPILATION_MODE = wholemodule;
				SWIFT_OPTIMIZATION_LEVEL = "-O";
				VALIDATE_PRODUCT = YES;
			};
			name = Release;
		};
		A8DDCB1424DDAC2F00610578 /* Debug */ = {
			isa = XCBuildConfiguration;
			buildSettings = {
				ASSETCATALOG_COMPILER_APPICON_NAME = AppIcon;
				CODE_SIGN_STYLE = Automatic;
				DEVELOPMENT_ASSET_PATHS = "\"MonthlyCollage/Preview Content\"";
				DEVELOPMENT_TEAM = 7422GEA8MG;
				ENABLE_PREVIEWS = YES;
				INFOPLIST_FILE = MonthlyCollage/Info.plist;
				LD_RUNPATH_SEARCH_PATHS = (
					"$(inherited)",
					"@executable_path/Frameworks",
				);
				PRODUCT_BUNDLE_IDENTIFIER = com.tj.MonthlyCollage;
				PRODUCT_NAME = "$(TARGET_NAME)";
				SWIFT_VERSION = 5.0;
				TARGETED_DEVICE_FAMILY = "1,2";
			};
			name = Debug;
		};
		A8DDCB1524DDAC2F00610578 /* Release */ = {
			isa = XCBuildConfiguration;
			buildSettings = {
				ASSETCATALOG_COMPILER_APPICON_NAME = AppIcon;
				CODE_SIGN_STYLE = Automatic;
				DEVELOPMENT_ASSET_PATHS = "\"MonthlyCollage/Preview Content\"";
				DEVELOPMENT_TEAM = 7422GEA8MG;
				ENABLE_PREVIEWS = YES;
				INFOPLIST_FILE = MonthlyCollage/Info.plist;
				LD_RUNPATH_SEARCH_PATHS = (
					"$(inherited)",
					"@executable_path/Frameworks",
				);
				PRODUCT_BUNDLE_IDENTIFIER = com.tj.MonthlyCollage;
				PRODUCT_NAME = "$(TARGET_NAME)";
				SWIFT_VERSION = 5.0;
				TARGETED_DEVICE_FAMILY = "1,2";
			};
			name = Release;
		};
/* End XCBuildConfiguration section */

/* Begin XCConfigurationList section */
		A8DDCAFA24DDAC2900610578 /* Build configuration list for PBXProject "MonthlyCollage" */ = {
			isa = XCConfigurationList;
			buildConfigurations = (
				A8DDCB1124DDAC2F00610578 /* Debug */,
				A8DDCB1224DDAC2F00610578 /* Release */,
			);
			defaultConfigurationIsVisible = 0;
			defaultConfigurationName = Release;
		};
		A8DDCB1324DDAC2F00610578 /* Build configuration list for PBXNativeTarget "MonthlyCollage" */ = {
			isa = XCConfigurationList;
			buildConfigurations = (
				A8DDCB1424DDAC2F00610578 /* Debug */,
				A8DDCB1524DDAC2F00610578 /* Release */,
			);
			defaultConfigurationIsVisible = 0;
			defaultConfigurationName = Release;
		};
/* End XCConfigurationList section */

/* Begin XCVersionGroup section */
		A842728924DEFC9E00EAD1A7 /* Challenges.xcdatamodeld */ = {
			isa = XCVersionGroup;
			children = (
				A842728A24DEFC9E00EAD1A7 /* Challenge.xcdatamodel */,
			);
			currentVersion = A842728A24DEFC9E00EAD1A7 /* Challenge.xcdatamodel */;
			path = Challenges.xcdatamodeld;
			sourceTree = "<group>";
			versionGroupType = wrapper.xcdatamodel;
		};
/* End XCVersionGroup section */
	};
	rootObject = A8DDCAF724DDAC2900610578 /* Project object */;
}
